
Microsoft Visual Studio Solution File, Format Version 12.00
# Visual Studio 15
VisualStudioVersion = 15.0.28010.2036
MinimumVisualStudioVersion = 10.0.40219.1
Project("{FAE04EC0-301F-11D3-BF4B-00C04F79EFBC}") = "LinqToXml", "LinqToXml\LinqToXml.csproj", "{3AA48DB5-2E9B-4FC1-8F67-3CED60CF615C}"
EndProject
Project("{FAE04EC0-301F-11D3-BF4B-00C04F79EFBC}") = "LinqToXml.Test", "LinqToXml.Test\LinqToXml.Test.csproj", "{751258AD-D6F6-4293-BD15-2CAE1227F5A6}"
EndProject
Global
	GlobalSection(SolutionConfigurationPlatforms) = preSolution
		Debug|Any CPU = Debug|Any CPU
		Release|Any CPU = Release|Any CPU
	EndGlobalSection
	GlobalSection(ProjectConfigurationPlatforms) = postSolution
		{3AA48DB5-2E9B-4FC1-8F67-3CED60CF615C}.Debug|Any CPU.ActiveCfg = Debug|Any CPU
		{3AA48DB5-2E9B-4FC1-8F67-3CED60CF615C}.Debug|Any CPU.Build.0 = Debug|Any CPU
		{3AA48DB5-2E9B-4FC1-8F67-3CED60CF615C}.Release|Any CPU.ActiveCfg = Release|Any CPU
		{3AA48DB5-2E9B-4FC1-8F67-3CED60CF615C}.Release|Any CPU.Build.0 = Release|Any CPU
		{751258AD-D6F6-4293-BD15-2CAE1227F5A6}.Debug|Any CPU.ActiveCfg = Debug|Any CPU
		{751258AD-D6F6-4293-BD15-2CAE1227F5A6}.Debug|Any CPU.Build.0 = Debug|Any CPU
		{751258AD-D6F6-4293-BD15-2CAE1227F5A6}.Release|Any CPU.ActiveCfg = Release|Any CPU
		{751258AD-D6F6-4293-BD15-2CAE1227F5A6}.Release|Any CPU.Build.0 = Release|Any CPU
	EndGlobalSection
	GlobalSection(SolutionProperties) = preSolution
		HideSolutionNode = FALSE
	EndGlobalSection
	GlobalSection(ExtensibilityGlobals) = postSolution
		SolutionGuid = {DF95BC7A-C228-47ED-9AF8-0A6A36ADFC80}
	EndGlobalSection
EndGlobal
